
Microsoft Visual Studio Solution File, Format Version 12.00
# Visual Studio 15
VisualStudioVersion = 15.0.27703.2042
MinimumVisualStudioVersion = 10.0.40219.1
Project("{888888A0-9F3D-457C-B088-3A5042F75D52}") = "FlaskWebProject", "FlaskWebProject\FlaskWebProject.pyproj", "{9400EDAD-2D6E-4E7A-A33E-F657F84539CA}"
EndProject
Global
	GlobalSection(SolutionConfigurationPlatforms) = preSolution
		Debug|Any CPU = Debug|Any CPU
		Release|Any CPU = Release|Any CPU
	EndGlobalSection
	GlobalSection(ProjectConfigurationPlatforms) = postSolution
		{9400EDAD-2D6E-4E7A-A33E-F657F84539CA}.Debug|Any CPU.ActiveCfg = Debug|Any CPU
		{9400EDAD-2D6E-4E7A-A33E-F657F84539CA}.Debug|Any CPU.Build.0 = Debug|Any CPU
		{9400EDAD-2D6E-4E7A-A33E-F657F84539CA}.Release|Any CPU.ActiveCfg = Release|Any CPU
		{9400EDAD-2D6E-4E7A-A33E-F657F84539CA}.Release|Any CPU.Build.0 = Release|Any CPU
	EndGlobalSection
	GlobalSection(SolutionProperties) = preSolution
		HideSolutionNode = FALSE
	EndGlobalSection
	GlobalSection(ExtensibilityGlobals) = postSolution
		SolutionGuid = {33506887-E858-4B40-8304-23C5FC36B2E5}
	EndGlobalSection
EndGlobal
